// !$*UTF8*$!
{
	archiveVersion = 1;
	classes = {
	};
	objectVersion = 50;
	objects = {

/* Begin PBXBuildFile section */
		AC9F7390248ABF8D00FF3381 /* AppDelegate.m in Sources */ = {isa = PBXBuildFile; fileRef = AC9F738F248ABF8D00FF3381 /* AppDelegate.m */; };
		AC9F7393248ABF8D00FF3381 /* SceneDelegate.m in Sources */ = {isa = PBXBuildFile; fileRef = AC9F7392248ABF8D00FF3381 /* SceneDelegate.m */; };
		AC9F7396248ABF8D00FF3381 /* ViewController.m in Sources */ = {isa = PBXBuildFile; fileRef = AC9F7395248ABF8D00FF3381 /* ViewController.m */; };
		AC9F7399248ABF8D00FF3381 /* Main.storyboard in Resources */ = {isa = PBXBuildFile; fileRef = AC9F7397248ABF8D00FF3381 /* Main.storyboard */; };
		AC9F739B248ABF9000FF3381 /* Assets.xcassets in Resources */ = {isa = PBXBuildFile; fileRef = AC9F739A248ABF9000FF3381 /* Assets.xcassets */; };
		AC9F739E248ABF9000FF3381 /* LaunchScreen.storyboard in Resources */ = {isa = PBXBuildFile; fileRef = AC9F739C248ABF9000FF3381 /* LaunchScreen.storyboard */; };
		AC9F73A1248ABF9000FF3381 /* main.m in Sources */ = {isa = PBXBuildFile; fileRef = AC9F73A0248ABF9000FF3381 /* main.m */; };
		AC9F73A9248ADDB000FF3381 /* MenuView.m in Sources */ = {isa = PBXBuildFile; fileRef = AC9F73A8248ADDB000FF3381 /* MenuView.m */; };
		AC9F73AD248ADEB600FF3381 /* Theme.m in Sources */ = {isa = PBXBuildFile; fileRef = AC9F73AC248ADEB600FF3381 /* Theme.m */; };
/* End PBXBuildFile section */

/* Begin PBXFileReference section */
		AC9F738B248ABF8D00FF3381 /* Photicelli.app */ = {isa = PBXFileReference; explicitFileType = wrapper.application; includeInIndex = 0; path = Photicelli.app; sourceTree = BUILT_PRODUCTS_DIR; };
		AC9F738E248ABF8D00FF3381 /* AppDelegate.h */ = {isa = PBXFileReference; lastKnownFileType = sourcecode.c.h; path = AppDelegate.h; sourceTree = "<group>"; };
		AC9F738F248ABF8D00FF3381 /* AppDelegate.m */ = {isa = PBXFileReference; lastKnownFileType = sourcecode.c.objc; path = AppDelegate.m; sourceTree = "<group>"; };
		AC9F7391248ABF8D00FF3381 /* SceneDelegate.h */ = {isa = PBXFileReference; lastKnownFileType = sourcecode.c.h; path = SceneDelegate.h; sourceTree = "<group>"; };
		AC9F7392248ABF8D00FF3381 /* SceneDelegate.m */ = {isa = PBXFileReference; lastKnownFileType = sourcecode.c.objc; path = SceneDelegate.m; sourceTree = "<group>"; };
		AC9F7394248ABF8D00FF3381 /* ViewController.h */ = {isa = PBXFileReference; lastKnownFileType = sourcecode.c.h; path = ViewController.h; sourceTree = "<group>"; };
		AC9F7395248ABF8D00FF3381 /* ViewController.m */ = {isa = PBXFileReference; lastKnownFileType = sourcecode.c.objc; path = ViewController.m; sourceTree = "<group>"; };
		AC9F7398248ABF8D00FF3381 /* Base */ = {isa = PBXFileReference; lastKnownFileType = file.storyboard; name = Base; path = Base.lproj/Main.storyboard; sourceTree = "<group>"; };
		AC9F739A248ABF9000FF3381 /* Assets.xcassets */ = {isa = PBXFileReference; lastKnownFileType = folder.assetcatalog; path = Assets.xcassets; sourceTree = "<group>"; };
		AC9F739D248ABF9000FF3381 /* Base */ = {isa = PBXFileReference; lastKnownFileType = file.storyboard; name = Base; path = Base.lproj/LaunchScreen.storyboard; sourceTree = "<group>"; };
		AC9F739F248ABF9000FF3381 /* Info.plist */ = {isa = PBXFileReference; lastKnownFileType = text.plist.xml; path = Info.plist; sourceTree = "<group>"; };
		AC9F73A0248ABF9000FF3381 /* main.m */ = {isa = PBXFileReference; lastKnownFileType = sourcecode.c.objc; path = main.m; sourceTree = "<group>"; };
		AC9F73A7248ADDB000FF3381 /* MenuView.h */ = {isa = PBXFileReference; lastKnownFileType = sourcecode.c.h; path = MenuView.h; sourceTree = "<group>"; };
		AC9F73A8248ADDB000FF3381 /* MenuView.m */ = {isa = PBXFileReference; lastKnownFileType = sourcecode.c.objc; path = MenuView.m; sourceTree = "<group>"; };
		AC9F73AB248ADEB600FF3381 /* Theme.h */ = {isa = PBXFileReference; lastKnownFileType = sourcecode.c.h; path = Theme.h; sourceTree = "<group>"; };
		AC9F73AC248ADEB600FF3381 /* Theme.m */ = {isa = PBXFileReference; lastKnownFileType = sourcecode.c.objc; path = Theme.m; sourceTree = "<group>"; };
/* End PBXFileReference section */

/* Begin PBXFrameworksBuildPhase section */
		AC9F7388248ABF8D00FF3381 /* Frameworks */ = {
			isa = PBXFrameworksBuildPhase;
			buildActionMask = 2147483647;
			files = (
			);
			runOnlyForDeploymentPostprocessing = 0;
		};
/* End PBXFrameworksBuildPhase section */

/* Begin PBXGroup section */
		AC9F7382248ABF8D00FF3381 = {
			isa = PBXGroup;
			children = (
				AC9F738D248ABF8D00FF3381 /* Photicelli2 */,
				AC9F738C248ABF8D00FF3381 /* Products */,
			);
			sourceTree = "<group>";
		};
		AC9F738C248ABF8D00FF3381 /* Products */ = {
			isa = PBXGroup;
			children = (
				AC9F738B248ABF8D00FF3381 /* Photicelli.app */,
			);
			name = Products;
			sourceTree = "<group>";
		};
		AC9F738D248ABF8D00FF3381 /* Photicelli2 */ = {
			isa = PBXGroup;
			children = (
				AC9F73AA248ADE7A00FF3381 /* Utils */,
				AC9F738E248ABF8D00FF3381 /* AppDelegate.h */,
				AC9F738F248ABF8D00FF3381 /* AppDelegate.m */,
				AC9F7391248ABF8D00FF3381 /* SceneDelegate.h */,
				AC9F7392248ABF8D00FF3381 /* SceneDelegate.m */,
				AC9F7394248ABF8D00FF3381 /* ViewController.h */,
				AC9F7395248ABF8D00FF3381 /* ViewController.m */,
				AC9F73A7248ADDB000FF3381 /* MenuView.h */,
				AC9F73A8248ADDB000FF3381 /* MenuView.m */,
				AC9F7397248ABF8D00FF3381 /* Main.storyboard */,
				AC9F739A248ABF9000FF3381 /* Assets.xcassets */,
				AC9F739C248ABF9000FF3381 /* LaunchScreen.storyboard */,
				AC9F739F248ABF9000FF3381 /* Info.plist */,
				AC9F73A0248ABF9000FF3381 /* main.m */,
			);
			path = Photicelli2;
			sourceTree = "<group>";
		};
		AC9F73AA248ADE7A00FF3381 /* Utils */ = {
			isa = PBXGroup;
			children = (
				AC9F73AB248ADEB600FF3381 /* Theme.h */,
				AC9F73AC248ADEB600FF3381 /* Theme.m */,
			);
			path = Utils;
			sourceTree = "<group>";
		};
/* End PBXGroup section */

/* Begin PBXNativeTarget section */
		AC9F738A248ABF8D00FF3381 /* Photicelli2 */ = {
			isa = PBXNativeTarget;
			buildConfigurationList = AC9F73A4248ABF9000FF3381 /* Build configuration list for PBXNativeTarget "Photicelli2" */;
			buildPhases = (
				AC9F7387248ABF8D00FF3381 /* Sources */,
				AC9F7388248ABF8D00FF3381 /* Frameworks */,
				AC9F7389248ABF8D00FF3381 /* Resources */,
			);
			buildRules = (
			);
			dependencies = (
			);
			name = Photicelli2;
			productName = Photicelli2;
			productReference = AC9F738B248ABF8D00FF3381 /* Photicelli.app */;
			productType = "com.apple.product-type.application";
		};
/* End PBXNativeTarget section */

/* Begin PBXProject section */
		AC9F7383248ABF8D00FF3381 /* Project object */ = {
			isa = PBXProject;
			attributes = {
				LastUpgradeCheck = 1150;
				ORGANIZATIONNAME = idevcode;
				TargetAttributes = {
					AC9F738A248ABF8D00FF3381 = {
						CreatedOnToolsVersion = 11.5;
					};
				};
			};
			buildConfigurationList = AC9F7386248ABF8D00FF3381 /* Build configuration list for PBXProject "Photicelli2" */;
			compatibilityVersion = "Xcode 9.3";
			developmentRegion = en;
			hasScannedForEncodings = 0;
			knownRegions = (
				en,
				Base,
			);
			mainGroup = AC9F7382248ABF8D00FF3381;
			productRefGroup = AC9F738C248ABF8D00FF3381 /* Products */;
			projectDirPath = "";
			projectRoot = "";
			targets = (
				AC9F738A248ABF8D00FF3381 /* Photicelli2 */,
			);
		};
/* End PBXProject section */

/* Begin PBXResourcesBuildPhase section */
		AC9F7389248ABF8D00FF3381 /* Resources */ = {
			isa = PBXResourcesBuildPhase;
			buildActionMask = 2147483647;
			files = (
				AC9F739E248ABF9000FF3381 /* LaunchScreen.storyboard in Resources */,
				AC9F739B248ABF9000FF3381 /* Assets.xcassets in Resources */,
				AC9F7399248ABF8D00FF3381 /* Main.storyboard in Resources */,
			);
			runOnlyForDeploymentPostprocessing = 0;
		};
/* End PBXResourcesBuildPhase section */

/* Begin PBXSourcesBuildPhase section */
		AC9F7387248ABF8D00FF3381 /* Sources */ = {
			isa = PBXSourcesBuildPhase;
			buildActionMask = 2147483647;
			files = (
				AC9F7396248ABF8D00FF3381 /* ViewController.m in Sources */,
				AC9F7390248ABF8D00FF3381 /* AppDelegate.m in Sources */,
				AC9F73A1248ABF9000FF3381 /* main.m in Sources */,
				AC9F73AD248ADEB600FF3381 /* Theme.m in Sources */,
				AC9F7393248ABF8D00FF3381 /* SceneDelegate.m in Sources */,
				AC9F73A9248ADDB000FF3381 /* MenuView.m in Sources */,
			);
			runOnlyForDeploymentPostprocessing = 0;
		};
/* End PBXSourcesBuildPhase section */

/* Begin PBXVariantGroup section */
		AC9F7397248ABF8D00FF3381 /* Main.storyboard */ = {
			isa = PBXVariantGroup;
			children = (
				AC9F7398248ABF8D00FF3381 /* Base */,
			);
			name = Main.storyboard;
			sourceTree = "<group>";
		};
		AC9F739C248ABF9000FF3381 /* LaunchScreen.storyboard */ = {
			isa = PBXVariantGroup;
			children = (
				AC9F739D248ABF9000FF3381 /* Base */,
			);
			name = LaunchScreen.storyboard;
			sourceTree = "<group>";
		};
/* End PBXVariantGroup section */

/* Begin XCBuildConfiguration section */
		AC9F73A2248ABF9000FF3381 /* Debug */ = {
			isa = XCBuildConfiguration;
			buildSettings = {
				ALWAYS_SEARCH_USER_PATHS = NO;
				CLANG_ANALYZER_NONNULL = YES;
				CLANG_ANALYZER_NUMBER_OBJECT_CONVERSION = YES_AGGRESSIVE;
				CLANG_CXX_LANGUAGE_STANDARD = "gnu++14";
				CLANG_CXX_LIBRARY = "libc++";
				CLANG_ENABLE_MODULES = YES;
				CLANG_ENABLE_OBJC_ARC = YES;
				CLANG_ENABLE_OBJC_WEAK = YES;
				CLANG_WARN_BLOCK_CAPTURE_AUTORELEASING = YES;
				CLANG_WARN_BOOL_CONVERSION = YES;
				CLANG_WARN_COMMA = YES;
				CLANG_WARN_CONSTANT_CONVERSION = YES;
				CLANG_WARN_DEPRECATED_OBJC_IMPLEMENTATIONS = YES;
				CLANG_WARN_DIRECT_OBJC_ISA_USAGE = YES_ERROR;
				CLANG_WARN_DOCUMENTATION_COMMENTS = YES;
				CLANG_WARN_EMPTY_BODY = YES;
				CLANG_WARN_ENUM_CONVERSION = YES;
				CLANG_WARN_INFINITE_RECURSION = YES;
				CLANG_WARN_INT_CONVERSION = YES;
				CLANG_WARN_NON_LITERAL_NULL_CONVERSION = YES;
				CLANG_WARN_OBJC_IMPLICIT_RETAIN_SELF = YES;
				CLANG_WARN_OBJC_LITERAL_CONVERSION = YES;
				CLANG_WARN_OBJC_ROOT_CLASS = YES_ERROR;
				CLANG_WARN_RANGE_LOOP_ANALYSIS = YES;
				CLANG_WARN_STRICT_PROTOTYPES = YES;
				CLANG_WARN_SUSPICIOUS_MOVE = YES;
				CLANG_WARN_UNGUARDED_AVAILABILITY = YES_AGGRESSIVE;
				CLANG_WARN_UNREACHABLE_CODE = YES;
				CLANG_WARN__DUPLICATE_METHOD_MATCH = YES;
				COPY_PHASE_STRIP = NO;
				DEBUG_INFORMATION_FORMAT = dwarf;
				ENABLE_STRICT_OBJC_MSGSEND = YES;
				ENABLE_TESTABILITY = YES;
				GCC_C_LANGUAGE_STANDARD = gnu11;
				GCC_DYNAMIC_NO_PIC = NO;
				GCC_NO_COMMON_BLOCKS = YES;
				GCC_OPTIMIZATION_LEVEL = 0;
				GCC_PREPROCESSOR_DEFINITIONS = (
					"DEBUG=1",
					"$(inherited)",
				);
				GCC_WARN_64_TO_32_BIT_CONVERSION = YES;
				GCC_WARN_ABOUT_RETURN_TYPE = YES_ERROR;
				GCC_WARN_UNDECLARED_SELECTOR = YES;
				GCC_WARN_UNINITIALIZED_AUTOS = YES_AGGRESSIVE;
				GCC_WARN_UNUSED_FUNCTION = YES;
				GCC_WARN_UNUSED_VARIABLE = YES;
				IPHONEOS_DEPLOYMENT_TARGET = 13.5;
				MTL_ENABLE_DEBUG_INFO = INCLUDE_SOURCE;
				MTL_FAST_MATH = YES;
				ONLY_ACTIVE_ARCH = YES;
				SDKROOT = iphoneos;
			};
			name = Debug;
		};
		AC9F73A3248ABF9000FF3381 /* Release */ = {
			isa = XCBuildConfiguration;
			buildSettings = {
				ALWAYS_SEARCH_USER_PATHS = NO;
				CLANG_ANALYZER_NONNULL = YES;
				CLANG_ANALYZER_NUMBER_OBJECT_CONVERSION = YES_AGGRESSIVE;
				CLANG_CXX_LANGUAGE_STANDARD = "gnu++14";
				CLANG_CXX_LIBRARY = "libc++";
				CLANG_ENABLE_MODULES = YES;
				CLANG_ENABLE_OBJC_ARC = YES;
				CLANG_ENABLE_OBJC_WEAK = YES;
				CLANG_WARN_BLOCK_CAPTURE_AUTORELEASING = YES;
				CLANG_WARN_BOOL_CONVERSION = YES;
				CLANG_WARN_COMMA = YES;
				CLANG_WARN_CONSTANT_CONVERSION = YES;
				CLANG_WARN_DEPRECATED_OBJC_IMPLEMENTATIONS = YES;
				CLANG_WARN_DIRECT_OBJC_ISA_USAGE = YES_ERROR;
				CLANG_WARN_DOCUMENTATION_COMMENTS = YES;
				CLANG_WARN_EMPTY_BODY = YES;
				CLANG_WARN_ENUM_CONVERSION = YES;
				CLANG_WARN_INFINITE_RECURSION = YES;
				CLANG_WARN_INT_CONVERSION = YES;
				CLANG_WARN_NON_LITERAL_NULL_CONVERSION = YES;
				CLANG_WARN_OBJC_IMPLICIT_RETAIN_SELF = YES;
				CLANG_WARN_OBJC_LITERAL_CONVERSION = YES;
				CLANG_WARN_OBJC_ROOT_CLASS = YES_ERROR;
				CLANG_WARN_RANGE_LOOP_ANALYSIS = YES;
				CLANG_WARN_STRICT_PROTOTYPES = YES;
				CLANG_WARN_SUSPICIOUS_MOVE = YES;
				CLANG_WARN_UNGUARDED_AVAILABILITY = YES_AGGRESSIVE;
				CLANG_WARN_UNREACHABLE_CODE = YES;
				CLANG_WARN__DUPLICATE_METHOD_MATCH = YES;
				COPY_PHASE_STRIP = NO;
				DEBUG_INFORMATION_FORMAT = "dwarf-with-dsym";
				ENABLE_NS_ASSERTIONS = NO;
				ENABLE_STRICT_OBJC_MSGSEND = YES;
				GCC_C_LANGUAGE_STANDARD = gnu11;
				GCC_NO_COMMON_BLOCKS = YES;
				GCC_WARN_64_TO_32_BIT_CONVERSION = YES;
				GCC_WARN_ABOUT_RETURN_TYPE = YES_ERROR;
				GCC_WARN_UNDECLARED_SELECTOR = YES;
				GCC_WARN_UNINITIALIZED_AUTOS = YES_AGGRESSIVE;
				GCC_WARN_UNUSED_FUNCTION = YES;
				GCC_WARN_UNUSED_VARIABLE = YES;
				IPHONEOS_DEPLOYMENT_TARGET = 13.5;
				MTL_ENABLE_DEBUG_INFO = NO;
				MTL_FAST_MATH = YES;
				SDKROOT = iphoneos;
				VALIDATE_PRODUCT = YES;
			};
			name = Release;
		};
		AC9F73A5248ABF9000FF3381 /* Debug */ = {
			isa = XCBuildConfiguration;
			buildSettings = {
				ASSETCATALOG_COMPILER_APPICON_NAME = AppIcon;
				CODE_SIGN_STYLE = Automatic;
				DEVELOPMENT_TEAM = 788WMGHEL8;
				INFOPLIST_FILE = Photicelli2/Info.plist;
				IPHONEOS_DEPLOYMENT_TARGET = 13.0;
				LD_RUNPATH_SEARCH_PATHS = (
					"$(inherited)",
					"@executable_path/Frameworks",
				);
				PRODUCT_BUNDLE_IDENTIFIER = com.idevcode.Photicelli2;
				PRODUCT_NAME = Photicelli;
				TARGETED_DEVICE_FAMILY = 1;
			};
			name = Debug;
		};
		AC9F73A6248ABF9000FF3381 /* Release */ = {
			isa = XCBuildConfiguration;
			buildSettings = {
				ASSETCATALOG_COMPILER_APPICON_NAME = AppIcon;
				CODE_SIGN_STYLE = Automatic;
				DEVELOPMENT_TEAM = 788WMGHEL8;
				INFOPLIST_FILE = Photicelli2/Info.plist;
				IPHONEOS_DEPLOYMENT_TARGET = 13.0;
				LD_RUNPATH_SEARCH_PATHS = (
					"$(inherited)",
					"@executable_path/Frameworks",
				);
				PRODUCT_BUNDLE_IDENTIFIER = com.idevcode.Photicelli2;
				PRODUCT_NAME = Photicelli;
				TARGETED_DEVICE_FAMILY = 1;
			};
			name = Release;
		};
/* End XCBuildConfiguration section */

/* Begin XCConfigurationList section */
		AC9F7386248ABF8D00FF3381 /* Build configuration list for PBXProject "Photicelli2" */ = {
			isa = XCConfigurationList;
			buildConfigurations = (
				AC9F73A2248ABF9000FF3381 /* Debug */,
				AC9F73A3248ABF9000FF3381 /* Release */,
			);
			defaultConfigurationIsVisible = 0;
			defaultConfigurationName = Release;
		};
		AC9F73A4248ABF9000FF3381 /* Build configuration list for PBXNativeTarget "Photicelli2" */ = {
			isa = XCConfigurationList;
			buildConfigurations = (
				AC9F73A5248ABF9000FF3381 /* Debug */,
				AC9F73A6248ABF9000FF3381 /* Release */,
			);
			defaultConfigurationIsVisible = 0;
			defaultConfigurationName = Release;
		};
/* End XCConfigurationList section */
	};
	rootObject = AC9F7383248ABF8D00FF3381 /* Project object */;
}
